
Microsoft Visual Studio Solution File, Format Version 12.00
# Visual Studio 15
VisualStudioVersion = 15.0.27004.2009
MinimumVisualStudioVersion = 10.0.40219.1
Project("{FAE04EC0-301F-11D3-BF4B-00C04F79EFBC}") = "TestGITWithWindowForm", "TestGITWithWindowForm\TestGITWithWindowForm.csproj", "{5E311408-F250-49FA-B00F-1E738ED5A6C7}"
EndProject
Global
	GlobalSection(SolutionConfigurationPlatforms) = preSolution
		Debug|Any CPU = Debug|Any CPU
		Release|Any CPU = Release|Any CPU
	EndGlobalSection
	GlobalSection(ProjectConfigurationPlatforms) = postSolution
		{5E311408-F250-49FA-B00F-1E738ED5A6C7}.Debug|Any CPU.ActiveCfg = Debug|Any CPU
		{5E311408-F250-49FA-B00F-1E738ED5A6C7}.Debug|Any CPU.Build.0 = Debug|Any CPU
		{5E311408-F250-49FA-B00F-1E738ED5A6C7}.Release|Any CPU.ActiveCfg = Release|Any CPU
		{5E311408-F250-49FA-B00F-1E738ED5A6C7}.Release|Any CPU.Build.0 = Release|Any CPU
	EndGlobalSection
	GlobalSection(SolutionProperties) = preSolution
		HideSolutionNode = FALSE
	EndGlobalSection
	GlobalSection(ExtensibilityGlobals) = postSolution
		SolutionGuid = {FC8D2F7B-04E1-443E-A635-7540DB57D49D}
	EndGlobalSection
EndGlobal
